
Microsoft Visual Studio Solution File, Format Version 10.00
# Visual C++ Express 2008
Project("{8BC9CEB8-8B4A-11D0-8D11-00A0C91BC942}") = "mybilliard01", "mybilliard01\mybilliard01.vcproj", "{06B28C9E-8C7F-4CF8-8D33-535C17A298E4}"
EndProject
Global
	GlobalSection(SolutionConfigurationPlatforms) = preSolution
		Debug|Win32 = Debug|Win32
		Release|Win32 = Release|Win32
		Test|Win32 = Test|Win32
	EndGlobalSection
	GlobalSection(ProjectConfigurationPlatforms) = postSolution
		{06B28C9E-8C7F-4CF8-8D33-535C17A298E4}.Debug|Win32.ActiveCfg = Debug|Win32
		{06B28C9E-8C7F-4CF8-8D33-535C17A298E4}.Debug|Win32.Build.0 = Debug|Win32
		{06B28C9E-8C7F-4CF8-8D33-535C17A298E4}.Release|Win32.ActiveCfg = Release|Win32
		{06B28C9E-8C7F-4CF8-8D33-535C17A298E4}.Release|Win32.Build.0 = Release|Win32
		{06B28C9E-8C7F-4CF8-8D33-535C17A298E4}.Test|Win32.ActiveCfg = Test|Win32
		{06B28C9E-8C7F-4CF8-8D33-535C17A298E4}.Test|Win32.Build.0 = Test|Win32
	EndGlobalSection
	GlobalSection(SolutionProperties) = preSolution
		HideSolutionNode = FALSE
	EndGlobalSection
EndGlobal
